# This file is automatically @generated by Cargo.
# It is not intended for manual editing.
version = 3

[[package]]
name = "config"
version = "0.1.0"

[[package]]
name = "consensus"
version = "0.1.0"

[[package]]
name = "dualchain"
version = "0.1.0"

[[package]]
name = "dualnode"
version = "0.1.0"

[[package]]
name = "kardia-core"
version = "0.0.0"

[[package]]
name = "kvm"
version = "0.1.0"

[[package]]
name = "mainchain"
version = "0.1.0"

[[package]]
name = "node"
version = "0.1.0"

[[package]]
name = "proto"
version = "0.1.0"

[[package]]
name = "rpc"
version = "0.1.0"

[[package]]
name = "types"
version = "0.1.0"
